// !$*UTF8*$!
{
	archiveVersion = 1;
	classes = {
	};
	objectVersion = 46;
	objects = {

/* Begin PBXBuildFile section */
		2BFDA4891E61A0410059C132 /* AppDelegate.swift in Sources */ = {isa = PBXBuildFile; fileRef = 2BFDA4881E61A0410059C132 /* AppDelegate.swift */; };
		2BFDA48B1E61A0410059C132 /* ViewController.swift in Sources */ = {isa = PBXBuildFile; fileRef = 2BFDA48A1E61A0410059C132 /* ViewController.swift */; };
		2BFDA48E1E61A0410059C132 /* Main.storyboard in Resources */ = {isa = PBXBuildFile; fileRef = 2BFDA48C1E61A0410059C132 /* Main.storyboard */; };
		2BFDA4901E61A0410059C132 /* Assets.xcassets in Resources */ = {isa = PBXBuildFile; fileRef = 2BFDA48F1E61A0410059C132 /* Assets.xcassets */; };
		2BFDA4931E61A0410059C132 /* LaunchScreen.storyboard in Resources */ = {isa = PBXBuildFile; fileRef = 2BFDA4911E61A0410059C132 /* LaunchScreen.storyboard */; };
		2BFDA49C1E61A0600059C132 /* Protocol.swift in Sources */ = {isa = PBXBuildFile; fileRef = 2BFDA49B1E61A0600059C132 /* Protocol.swift */; };
		2BFDA49E1E61A22A0059C132 /* Person.swift in Sources */ = {isa = PBXBuildFile; fileRef = 2BFDA49D1E61A22A0059C132 /* Person.swift */; };
/* End PBXBuildFile section */

/* Begin PBXFileReference section */
		2BFDA4851E61A0410059C132 /* 协议的详细使用.app */ = {isa = PBXFileReference; explicitFileType = wrapper.application; includeInIndex = 0; path = "协议的详细使用.app"; sourceTree = BUILT_PRODUCTS_DIR; };
		2BFDA4881E61A0410059C132 /* AppDelegate.swift */ = {isa = PBXFileReference; lastKnownFileType = sourcecode.swift; path = AppDelegate.swift; sourceTree = "<group>"; };
		2BFDA48A1E61A0410059C132 /* ViewController.swift */ = {isa = PBXFileReference; lastKnownFileType = sourcecode.swift; path = ViewController.swift; sourceTree = "<group>"; };
		2BFDA48D1E61A0410059C132 /* Base */ = {isa = PBXFileReference; lastKnownFileType = file.storyboard; name = Base; path = Base.lproj/Main.storyboard; sourceTree = "<group>"; };
		2BFDA48F1E61A0410059C132 /* Assets.xcassets */ = {isa = PBXFileReference; lastKnownFileType = folder.assetcatalog; path = Assets.xcassets; sourceTree = "<group>"; };
		2BFDA4921E61A0410059C132 /* Base */ = {isa = PBXFileReference; lastKnownFileType = file.storyboard; name = Base; path = Base.lproj/LaunchScreen.storyboard; sourceTree = "<group>"; };
		2BFDA4941E61A0410059C132 /* Info.plist */ = {isa = PBXFileReference; lastKnownFileType = text.plist.xml; path = Info.plist; sourceTree = "<group>"; };
		2BFDA49B1E61A0600059C132 /* Protocol.swift */ = {isa = PBXFileReference; fileEncoding = 4; lastKnownFileType = sourcecode.swift; path = Protocol.swift; sourceTree = "<group>"; };
		2BFDA49D1E61A22A0059C132 /* Person.swift */ = {isa = PBXFileReference; fileEncoding = 4; lastKnownFileType = sourcecode.swift; path = Person.swift; sourceTree = "<group>"; };
/* End PBXFileReference section */

/* Begin PBXFrameworksBuildPhase section */
		2BFDA4821E61A0410059C132 /* Frameworks */ = {
			isa = PBXFrameworksBuildPhase;
			buildActionMask = 2147483647;
			files = (
			);
			runOnlyForDeploymentPostprocessing = 0;
		};
/* End PBXFrameworksBuildPhase section */

/* Begin PBXGroup section */
		2BFDA47C1E61A0410059C132 = {
			isa = PBXGroup;
			children = (
				2BFDA4871E61A0410059C132 /* 协议的详细使用 */,
				2BFDA4861E61A0410059C132 /* Products */,
			);
			sourceTree = "<group>";
		};
		2BFDA4861E61A0410059C132 /* Products */ = {
			isa = PBXGroup;
			children = (
				2BFDA4851E61A0410059C132 /* 协议的详细使用.app */,
			);
			name = Products;
			sourceTree = "<group>";
		};
		2BFDA4871E61A0410059C132 /* 协议的详细使用 */ = {
			isa = PBXGroup;
			children = (
				2BFDA49A1E61A0500059C132 /* Protocol */,
				2BFDA4881E61A0410059C132 /* AppDelegate.swift */,
				2BFDA48A1E61A0410059C132 /* ViewController.swift */,
				2BFDA48C1E61A0410059C132 /* Main.storyboard */,
				2BFDA48F1E61A0410059C132 /* Assets.xcassets */,
				2BFDA4911E61A0410059C132 /* LaunchScreen.storyboard */,
				2BFDA4941E61A0410059C132 /* Info.plist */,
			);
			path = "协议的详细使用";
			sourceTree = "<group>";
		};
		2BFDA49A1E61A0500059C132 /* Protocol */ = {
			isa = PBXGroup;
			children = (
				2BFDA49B1E61A0600059C132 /* Protocol.swift */,
				2BFDA49D1E61A22A0059C132 /* Person.swift */,
			);
			path = Protocol;
			sourceTree = "<group>";
		};
/* End PBXGroup section */

/* Begin PBXNativeTarget section */
		2BFDA4841E61A0410059C132 /* 协议的详细使用 */ = {
			isa = PBXNativeTarget;
			buildConfigurationList = 2BFDA4971E61A0410059C132 /* Build configuration list for PBXNativeTarget "协议的详细使用" */;
			buildPhases = (
				2BFDA4811E61A0410059C132 /* Sources */,
				2BFDA4821E61A0410059C132 /* Frameworks */,
				2BFDA4831E61A0410059C132 /* Resources */,
			);
			buildRules = (
			);
			dependencies = (
			);
			name = "协议的详细使用";
			productName = "协议的详细使用";
			productReference = 2BFDA4851E61A0410059C132 /* 协议的详细使用.app */;
			productType = "com.apple.product-type.application";
		};
/* End PBXNativeTarget section */

/* Begin PBXProject section */
		2BFDA47D1E61A0410059C132 /* Project object */ = {
			isa = PBXProject;
			attributes = {
				LastSwiftUpdateCheck = 0800;
				LastUpgradeCheck = 0800;
				ORGANIZATIONNAME = seemygo;
				TargetAttributes = {
					2BFDA4841E61A0410059C132 = {
						CreatedOnToolsVersion = 8.0;
						DevelopmentTeam = 756CRUYYH5;
						ProvisioningStyle = Automatic;
					};
				};
			};
			buildConfigurationList = 2BFDA4801E61A0410059C132 /* Build configuration list for PBXProject "协议的详细使用" */;
			compatibilityVersion = "Xcode 3.2";
			developmentRegion = English;
			hasScannedForEncodings = 0;
			knownRegions = (
				en,
				Base,
			);
			mainGroup = 2BFDA47C1E61A0410059C132;
			productRefGroup = 2BFDA4861E61A0410059C132 /* Products */;
			projectDirPath = "";
			projectRoot = "";
			targets = (
				2BFDA4841E61A0410059C132 /* 协议的详细使用 */,
			);
		};
/* End PBXProject section */

/* Begin PBXResourcesBuildPhase section */
		2BFDA4831E61A0410059C132 /* Resources */ = {
			isa = PBXResourcesBuildPhase;
			buildActionMask = 2147483647;
			files = (
				2BFDA4931E61A0410059C132 /* LaunchScreen.storyboard in Resources */,
				2BFDA4901E61A0410059C132 /* Assets.xcassets in Resources */,
				2BFDA48E1E61A0410059C132 /* Main.storyboard in Resources */,
			);
			runOnlyForDeploymentPostprocessing = 0;
		};
/* End PBXResourcesBuildPhase section */

/* Begin PBXSourcesBuildPhase section */
		2BFDA4811E61A0410059C132 /* Sources */ = {
			isa = PBXSourcesBuildPhase;
			buildActionMask = 2147483647;
			files = (
				2BFDA48B1E61A0410059C132 /* ViewController.swift in Sources */,
				2BFDA4891E61A0410059C132 /* AppDelegate.swift in Sources */,
				2BFDA49E1E61A22A0059C132 /* Person.swift in Sources */,
				2BFDA49C1E61A0600059C132 /* Protocol.swift in Sources */,
			);
			runOnlyForDeploymentPostprocessing = 0;
		};
/* End PBXSourcesBuildPhase section */

/* Begin PBXVariantGroup section */
		2BFDA48C1E61A0410059C132 /* Main.storyboard */ = {
			isa = PBXVariantGroup;
			children = (
				2BFDA48D1E61A0410059C132 /* Base */,
			);
			name = Main.storyboard;
			sourceTree = "<group>";
		};
		2BFDA4911E61A0410059C132 /* LaunchScreen.storyboard */ = {
			isa = PBXVariantGroup;
			children = (
				2BFDA4921E61A0410059C132 /* Base */,
			);
			name = LaunchScreen.storyboard;
			sourceTree = "<group>";
		};
/* End PBXVariantGroup section */

/* Begin XCBuildConfiguration section */
		2BFDA4951E61A0410059C132 /* Debug */ = {
			isa = XCBuildConfiguration;
			buildSettings = {
				ALWAYS_SEARCH_USER_PATHS = NO;
				CLANG_ANALYZER_NONNULL = YES;
				CLANG_CXX_LANGUAGE_STANDARD = "gnu++0x";
				CLANG_CXX_LIBRARY = "libc++";
				CLANG_ENABLE_MODULES = YES;
				CLANG_ENABLE_OBJC_ARC = YES;
				CLANG_WARN_BOOL_CONVERSION = YES;
				CLANG_WARN_CONSTANT_CONVERSION = YES;
				CLANG_WARN_DIRECT_OBJC_ISA_USAGE = YES_ERROR;
				CLANG_WARN_DOCUMENTATION_COMMENTS = YES;
				CLANG_WARN_EMPTY_BODY = YES;
				CLANG_WARN_ENUM_CONVERSION = YES;
				CLANG_WARN_INFINITE_RECURSION = YES;
				CLANG_WARN_INT_CONVERSION = YES;
				CLANG_WARN_OBJC_ROOT_CLASS = YES_ERROR;
				CLANG_WARN_SUSPICIOUS_MOVES = YES;
				CLANG_WARN_UNREACHABLE_CODE = YES;
				CLANG_WARN__DUPLICATE_METHOD_MATCH = YES;
				"CODE_SIGN_IDENTITY[sdk=iphoneos*]" = "iPhone Developer";
				COPY_PHASE_STRIP = NO;
				DEBUG_INFORMATION_FORMAT = dwarf;
				ENABLE_STRICT_OBJC_MSGSEND = YES;
				ENABLE_TESTABILITY = YES;
				GCC_C_LANGUAGE_STANDARD = gnu99;
				GCC_DYNAMIC_NO_PIC = NO;
				GCC_NO_COMMON_BLOCKS = YES;
				GCC_OPTIMIZATION_LEVEL = 0;
				GCC_PREPROCESSOR_DEFINITIONS = (
					"DEBUG=1",
					"$(inherited)",
				);
				GCC_WARN_64_TO_32_BIT_CONVERSION = YES;
				GCC_WARN_ABOUT_RETURN_TYPE = YES_ERROR;
				GCC_WARN_UNDECLARED_SELECTOR = YES;
				GCC_WARN_UNINITIALIZED_AUTOS = YES_AGGRESSIVE;
				GCC_WARN_UNUSED_FUNCTION = YES;
				GCC_WARN_UNUSED_VARIABLE = YES;
				IPHONEOS_DEPLOYMENT_TARGET = 10.0;
				MTL_ENABLE_DEBUG_INFO = YES;
				ONLY_ACTIVE_ARCH = YES;
				SDKROOT = iphoneos;
				SWIFT_ACTIVE_COMPILATION_CONDITIONS = DEBUG;
				SWIFT_OPTIMIZATION_LEVEL = "-Onone";
			};
			name = Debug;
		};
		2BFDA4961E61A0410059C132 /* Release */ = {
			isa = XCBuildConfiguration;
			buildSettings = {
				ALWAYS_SEARCH_USER_PATHS = NO;
				CLANG_ANALYZER_NONNULL = YES;
				CLANG_CXX_LANGUAGE_STANDARD = "gnu++0x";
				CLANG_CXX_LIBRARY = "libc++";
				CLANG_ENABLE_MODULES = YES;
				CLANG_ENABLE_OBJC_ARC = YES;
				CLANG_WARN_BOOL_CONVERSION = YES;
				CLANG_WARN_CONSTANT_CONVERSION = YES;
				CLANG_WARN_DIRECT_OBJC_ISA_USAGE = YES_ERROR;
				CLANG_WARN_DOCUMENTATION_COMMENTS = YES;
				CLANG_WARN_EMPTY_BODY = YES;
				CLANG_WARN_ENUM_CONVERSION = YES;
				CLANG_WARN_INFINITE_RECURSION = YES;
				CLANG_WARN_INT_CONVERSION = YES;
				CLANG_WARN_OBJC_ROOT_CLASS = YES_ERROR;
				CLANG_WARN_SUSPICIOUS_MOVES = YES;
				CLANG_WARN_UNREACHABLE_CODE = YES;
				CLANG_WARN__DUPLICATE_METHOD_MATCH = YES;
				"CODE_SIGN_IDENTITY[sdk=iphoneos*]" = "iPhone Developer";
				COPY_PHASE_STRIP = NO;
				DEBUG_INFORMATION_FORMAT = "dwarf-with-dsym";
				ENABLE_NS_ASSERTIONS = NO;
				ENABLE_STRICT_OBJC_MSGSEND = YES;
				GCC_C_LANGUAGE_STANDARD = gnu99;
				GCC_NO_COMMON_BLOCKS = YES;
				GCC_WARN_64_TO_32_BIT_CONVERSION = YES;
				GCC_WARN_ABOUT_RETURN_TYPE = YES_ERROR;
				GCC_WARN_UNDECLARED_SELECTOR = YES;
				GCC_WARN_UNINITIALIZED_AUTOS = YES_AGGRESSIVE;
				GCC_WARN_UNUSED_FUNCTION = YES;
				GCC_WARN_UNUSED_VARIABLE = YES;
				IPHONEOS_DEPLOYMENT_TARGET = 10.0;
				MTL_ENABLE_DEBUG_INFO = NO;
				SDKROOT = iphoneos;
				SWIFT_OPTIMIZATION_LEVEL = "-Owholemodule";
				VALIDATE_PRODUCT = YES;
			};
			name = Release;
		};
		2BFDA4981E61A0410059C132 /* Debug */ = {
			isa = XCBuildConfiguration;
			buildSettings = {
				ASSETCATALOG_COMPILER_APPICON_NAME = AppIcon;
				DEVELOPMENT_TEAM = 756CRUYYH5;
				INFOPLIST_FILE = "协议的详细使用/Info.plist";
				LD_RUNPATH_SEARCH_PATHS = "$(inherited) @executable_path/Frameworks";
				PRODUCT_BUNDLE_IDENTIFIER = "com.520it.www.-------";
				PRODUCT_NAME = "$(TARGET_NAME)";
				SWIFT_VERSION = 3.0;
			};
			name = Debug;
		};
		2BFDA4991E61A0410059C132 /* Release */ = {
			isa = XCBuildConfiguration;
			buildSettings = {
				ASSETCATALOG_COMPILER_APPICON_NAME = AppIcon;
				DEVELOPMENT_TEAM = 756CRUYYH5;
				INFOPLIST_FILE = "协议的详细使用/Info.plist";
				LD_RUNPATH_SEARCH_PATHS = "$(inherited) @executable_path/Frameworks";
				PRODUCT_BUNDLE_IDENTIFIER = "com.520it.www.-------";
				PRODUCT_NAME = "$(TARGET_NAME)";
				SWIFT_VERSION = 3.0;
			};
			name = Release;
		};
/* End XCBuildConfiguration section */

/* Begin XCConfigurationList section */
		2BFDA4801E61A0410059C132 /* Build configuration list for PBXProject "协议的详细使用" */ = {
			isa = XCConfigurationList;
			buildConfigurations = (
				2BFDA4951E61A0410059C132 /* Debug */,
				2BFDA4961E61A0410059C132 /* Release */,
			);
			defaultConfigurationIsVisible = 0;
			defaultConfigurationName = Release;
		};
		2BFDA4971E61A0410059C132 /* Build configuration list for PBXNativeTarget "协议的详细使用" */ = {
			isa = XCConfigurationList;
			buildConfigurations = (
				2BFDA4981E61A0410059C132 /* Debug */,
				2BFDA4991E61A0410059C132 /* Release */,
			);
			defaultConfigurationIsVisible = 0;
		};
/* End XCConfigurationList section */
	};
	rootObject = 2BFDA47D1E61A0410059C132 /* Project object */;
}
